Microsoft Visual Studio Solution File, Format Version 12.00
# Visual Studio Version 17
VisualStudioVersion = 17.5.2.0
MinimumVisualStudioVersion = 10.0.40219.1
Project("{2150E333-8FDC-42A3-9474-1A3956D46DE8}") = "2-programes-basics-EricFuentes7", "2-programes-basics-EricFuentes7", "{288987B9-72FF-2622-B754-F5EC4D0A15DA}"
EndProject
Project("{2150E333-8FDC-42A3-9474-1A3956D46DE8}") = "3-programes-b-sics-EricFuentes7", "3-programes-b-sics-EricFuentes7", "{711B7FE4-01BA-8383-AF72-D97028D13FB0}"
EndProject
Project("{2150E333-8FDC-42A3-9474-1A3956D46DE8}") = "4-programes-b-sics-EricFuentes7", "4-programes-b-sics-EricFuentes7", "{6AD9BC60-F820-0AB8-2043-CC6AA16E2309}"
EndProject
Project("{2150E333-8FDC-42A3-9474-1A3956D46DE8}") = "1-programes-basics-EricFuentes7", "1-programes-basics-EricFuentes7", "{4857A118-F77C-C2E4-CC11-F7705E0643FD}"
EndProject
Project("{FAE04EC0-301F-11D3-BF4B-00C04F79EFBC}") = "exercici1", "2-programes-basics-EricFuentes7\exercici1\exercici1.csproj", "{3167D93A-398F-848A-2F8E-8721A43B94FA}"
EndProject
Project("{FAE04EC0-301F-11D3-BF4B-00C04F79EFBC}") = "exercici10", "2-programes-basics-EricFuentes7\exercici10\exercici10.csproj", "{293B9C38-FFAB-F9F0-6A8C-806C55BABB63}"
EndProject
Project("{FAE04EC0-301F-11D3-BF4B-00C04F79EFBC}") = "exercici2", "2-programes-basics-EricFuentes7\exercici2\exercici2.csproj", "{C7703FD4-E7ED-DFDB-4475-9C6C8D08D057}"
EndProject
Project("{FAE04EC0-301F-11D3-BF4B-00C04F79EFBC}") = "exercici3", "2-programes-basics-EricFuentes7\exercici3\exercici3.csproj", "{A3D03277-2115-FA3A-A48B-AF8E2DB0C07E}"
EndProject
Project("{FAE04EC0-301F-11D3-BF4B-00C04F79EFBC}") = "exercici4", "2-programes-basics-EricFuentes7\exercici4\exercici4.csproj", "{987F229C-4E75-DE6E-DD9A-28424EDFFAB1}"
EndProject
Project("{FAE04EC0-301F-11D3-BF4B-00C04F79EFBC}") = "exercici5", "2-programes-basics-EricFuentes7\exercici5\exercici5.csproj", "{25F52369-042F-D512-2175-BAB781418DE6}"
EndProject
Project("{FAE04EC0-301F-11D3-BF4B-00C04F79EFBC}") = "exercici6", "2-programes-basics-EricFuentes7\exercici6\exercici6.csproj", "{FCF758B6-F7DA-87AE-410D-8519029FC24B}"
EndProject
Project("{FAE04EC0-301F-11D3-BF4B-00C04F79EFBC}") = "exercici7", "2-programes-basics-EricFuentes7\exercici7\exercici7.csproj", "{2F4A0AD9-8863-5E53-4941-726CDEB4FBD8}"
EndProject
Project("{FAE04EC0-301F-11D3-BF4B-00C04F79EFBC}") = "exercici8", "2-programes-basics-EricFuentes7\exercici8\exercici8.csproj", "{EBC29877-B752-7740-2E76-2CAA2A54E1BA}"
EndProject
Project("{FAE04EC0-301F-11D3-BF4B-00C04F79EFBC}") = "exercici9", "2-programes-basics-EricFuentes7\exercici9\exercici9.csproj", "{544BC627-DC58-EE51-8B71-4A5F49A22EEA}"
EndProject
Project("{FAE04EC0-301F-11D3-BF4B-00C04F79EFBC}") = "exercici1", "3-programes-b-sics-EricFuentes7\exercici1\exercici1.csproj", "{453554A1-7E78-A2C2-F5AE-A15C3C216201}"
EndProject
Project("{FAE04EC0-301F-11D3-BF4B-00C04F79EFBC}") = "exercici10", "3-programes-b-sics-EricFuentes7\exercici10\exercici10.csproj", "{4A7BB023-0E84-DEEE-4CD3-B7DFAFA4D4C4}"
EndProject
Project("{FAE04EC0-301F-11D3-BF4B-00C04F79EFBC}") = "exercici11", "3-programes-b-sics-EricFuentes7\exercici11\exercici11.csproj", "{BF3EB9D9-8783-BD6F-58B0-5CF74B882036}"
EndProject
Project("{FAE04EC0-301F-11D3-BF4B-00C04F79EFBC}") = "exercici12", "3-programes-b-sics-EricFuentes7\exercici12\exercici12.csproj", "{E48520C0-FB2E-6107-8519-6255634219A8}"
EndProject
Project("{FAE04EC0-301F-11D3-BF4B-00C04F79EFBC}") = "exercici13", "3-programes-b-sics-EricFuentes7\exercici13\exercici13.csproj", "{ABE5F405-331D-7E19-6E8B-00F9F29581D0}"
EndProject
Project("{FAE04EC0-301F-11D3-BF4B-00C04F79EFBC}") = "exercici14", "3-programes-b-sics-EricFuentes7\exercici14\exercici14.csproj", "{B1E55129-0ED6-5336-175C-4238DD291A5C}"
EndProject
Project("{FAE04EC0-301F-11D3-BF4B-00C04F79EFBC}") = "exercici2", "3-programes-b-sics-EricFuentes7\exercici2\exercici2.csproj", "{4168B999-945D-149D-B255-65D9C7285A10}"
EndProject
Project("{FAE04EC0-301F-11D3-BF4B-00C04F79EFBC}") = "exercici3", "3-programes-b-sics-EricFuentes7\exercici3\exercici3.csproj", "{DEE76850-CE7F-3790-3BEC-901536BD4315}"
EndProject
Project("{FAE04EC0-301F-11D3-BF4B-00C04F79EFBC}") = "exercici4", "3-programes-b-sics-EricFuentes7\exercici4\exercici4.csproj", "{18BAAE9B-B9B3-586C-BB15-9E4992C81379}"
EndProject
Project("{FAE04EC0-301F-11D3-BF4B-00C04F79EFBC}") = "exercici5", "3-programes-b-sics-EricFuentes7\exercici5\exercici5.csproj", "{E3C295CC-C3AE-D67E-39B1-F29A308D0E00}"
EndProject
Project("{FAE04EC0-301F-11D3-BF4B-00C04F79EFBC}") = "exercici6", "3-programes-b-sics-EricFuentes7\exercici6\exercici6.csproj", "{68FA466A-B822-1F26-C586-911A6EF63DD5}"
EndProject
Project("{FAE04EC0-301F-11D3-BF4B-00C04F79EFBC}") = "exercici7", "3-programes-b-sics-EricFuentes7\exercici7\exercici7.csproj", "{3E75F3BF-F0B9-E890-65C0-21FEC0E9D786}"
EndProject
Project("{FAE04EC0-301F-11D3-BF4B-00C04F79EFBC}") = "exercici8", "3-programes-b-sics-EricFuentes7\exercici8\exercici8.csproj", "{52B7AD7E-450A-3737-81D0-5EFB52FD6E1E}"
EndProject
Project("{FAE04EC0-301F-11D3-BF4B-00C04F79EFBC}") = "exercici9", "3-programes-b-sics-EricFuentes7\exercici9\exercici9.csproj", "{BE5DBD7B-6021-9EB5-9DA1-E2A0043D9D16}"
EndProject
Project("{FAE04EC0-301F-11D3-BF4B-00C04F79EFBC}") = "exercici", "4-programes-b-sics-EricFuentes7\exercici\exercici.csproj", "{08EB963C-55EF-B494-1BBE-CC4533AEBCE3}"
EndProject
Project("{2150E333-8FDC-42A3-9474-1A3956D46DE8}") = "exercicis", "exercicis", "{735B9F03-AA94-9A7A-9D63-0858E8B71681}"
EndProject
Project("{FAE04EC0-301F-11D3-BF4B-00C04F79EFBC}") = "exercici1", "1-programes-basics-EricFuentes7\exercicis\exercici1\exercici1.csproj", "{F0E4A650-16B3-E0BF-0497-68BAA29049A1}"
EndProject
Project("{FAE04EC0-301F-11D3-BF4B-00C04F79EFBC}") = "exercici10", "1-programes-basics-EricFuentes7\exercicis\exercici10\exercici10.csproj", "{935377D0-2B02-194A-6789-B054B284A1DF}"
EndProject
Project("{FAE04EC0-301F-11D3-BF4B-00C04F79EFBC}") = "exercici11", "1-programes-basics-EricFuentes7\exercicis\exercici11\exercici11.csproj", "{29AA5B52-CBA8-2706-DDAD-7A05DB77CBE9}"
EndProject
Project("{FAE04EC0-301F-11D3-BF4B-00C04F79EFBC}") = "exercici12", "1-programes-basics-EricFuentes7\exercicis\exercici12\exercici12.csproj", "{E5212B45-EF58-C462-B533-33003CFDF719}"
EndProject
Project("{FAE04EC0-301F-11D3-BF4B-00C04F79EFBC}") = "exercici13", "1-programes-basics-EricFuentes7\exercicis\exercici13\exercici13.csproj", "{C84AB625-D453-1BF2-B641-5BFBE2FE851E}"
EndProject
Project("{FAE04EC0-301F-11D3-BF4B-00C04F79EFBC}") = "exercici14", "1-programes-basics-EricFuentes7\exercicis\exercici14\exercici14.csproj", "{6C5B951E-7675-71BD-1EF3-A66ED6919271}"
EndProject
Project("{FAE04EC0-301F-11D3-BF4B-00C04F79EFBC}") = "exercici15", "1-programes-basics-EricFuentes7\exercicis\exercici15\exercici15.csproj", "{6576BE60-6516-E65E-2E9A-DD2B68DEEEEE}"
EndProject
Project("{FAE04EC0-301F-11D3-BF4B-00C04F79EFBC}") = "exercici16", "1-programes-basics-EricFuentes7\exercicis\exercici16\exercici16.csproj", "{A3DB18CF-4B14-7899-6C0B-26D112940E31}"
EndProject
Project("{FAE04EC0-301F-11D3-BF4B-00C04F79EFBC}") = "exercici17", "1-programes-basics-EricFuentes7\exercicis\exercici17\exercici17.csproj", "{44CD9661-0219-AD29-5167-0A90384477B9}"
EndProject
Project("{FAE04EC0-301F-11D3-BF4B-00C04F79EFBC}") = "exercici18", "1-programes-basics-EricFuentes7\exercicis\exercici18\exercici18.csproj", "{F52A9EE7-7BE0-2C8D-CA33-B66534C2FE1E}"
EndProject
Project("{FAE04EC0-301F-11D3-BF4B-00C04F79EFBC}") = "exercici19", "1-programes-basics-EricFuentes7\exercicis\exercici19\exercici19.csproj", "{031C8322-568F-4663-FE73-68256EC0EC50}"
EndProject
Project("{FAE04EC0-301F-11D3-BF4B-00C04F79EFBC}") = "exercici2", "1-programes-basics-EricFuentes7\exercicis\exercici2\exercici2.csproj", "{57CECAB9-BF82-B281-E204-4278D68A662D}"
EndProject
Project("{FAE04EC0-301F-11D3-BF4B-00C04F79EFBC}") = "exercici20", "1-programes-basics-EricFuentes7\exercicis\exercici20\exercici20.csproj", "{9BB65D75-1AB2-7B52-E382-98DCF7AAC0B8}"
EndProject
Project("{FAE04EC0-301F-11D3-BF4B-00C04F79EFBC}") = "exercici3", "1-programes-basics-EricFuentes7\exercicis\exercici3\exercici3.csproj", "{F49912E9-C8CD-4672-8739-B95F274F7FC6}"
EndProject
Project("{FAE04EC0-301F-11D3-BF4B-00C04F79EFBC}") = "exercici4", "1-programes-basics-EricFuentes7\exercicis\exercici4\exercici4.csproj", "{F973FBBE-84D3-9352-F846-2E21D0796E4D}"
EndProject
Project("{FAE04EC0-301F-11D3-BF4B-00C04F79EFBC}") = "exercici5", "1-programes-basics-EricFuentes7\exercicis\exercici5\exercici5.csproj", "{C4FB012D-3C66-6CB1-C72E-12C153C7BEAC}"
EndProject
Project("{FAE04EC0-301F-11D3-BF4B-00C04F79EFBC}") = "exercici6", "1-programes-basics-EricFuentes7\exercicis\exercici6\exercici6.csproj", "{0905966F-AE94-46A5-B1BD-BBCC22E8898F}"
EndProject
Project("{FAE04EC0-301F-11D3-BF4B-00C04F79EFBC}") = "exercici7", "1-programes-basics-EricFuentes7\exercicis\exercici7\exercici7.csproj", "{7722D20B-B1A4-0A2E-7B32-B70156A93668}"
EndProject
Project("{FAE04EC0-301F-11D3-BF4B-00C04F79EFBC}") = "exercici8", "1-programes-basics-EricFuentes7\exercicis\exercici8\exercici8.csproj", "{F4937FFC-AC26-F4CA-3E93-1BCFF374BF68}"
EndProject
Project("{FAE04EC0-301F-11D3-BF4B-00C04F79EFBC}") = "exercici9", "1-programes-basics-EricFuentes7\exercicis\exercici9\exercici9.csproj", "{10A4B55B-AFF9-E3F0-C4AB-837285723BFC}"
EndProject
Global
	GlobalSection(SolutionConfigurationPlatforms) = preSolution
		Debug|Any CPU = Debug|Any CPU
		Release|Any CPU = Release|Any CPU
	EndGlobalSection
	GlobalSection(ProjectConfigurationPlatforms) = postSolution
		{3167D93A-398F-848A-2F8E-8721A43B94FA}.Debug|Any CPU.ActiveCfg = Debug|Any CPU
		{3167D93A-398F-848A-2F8E-8721A43B94FA}.Debug|Any CPU.Build.0 = Debug|Any CPU
		{3167D93A-398F-848A-2F8E-8721A43B94FA}.Release|Any CPU.ActiveCfg = Release|Any CPU
		{3167D93A-398F-848A-2F8E-8721A43B94FA}.Release|Any CPU.Build.0 = Release|Any CPU
		{293B9C38-FFAB-F9F0-6A8C-806C55BABB63}.Debug|Any CPU.ActiveCfg = Debug|Any CPU
		{293B9C38-FFAB-F9F0-6A8C-806C55BABB63}.Debug|Any CPU.Build.0 = Debug|Any CPU
		{293B9C38-FFAB-F9F0-6A8C-806C55BABB63}.Release|Any CPU.ActiveCfg = Release|Any CPU
		{293B9C38-FFAB-F9F0-6A8C-806C55BABB63}.Release|Any CPU.Build.0 = Release|Any CPU
		{C7703FD4-E7ED-DFDB-4475-9C6C8D08D057}.Debug|Any CPU.ActiveCfg = Debug|Any CPU
		{C7703FD4-E7ED-DFDB-4475-9C6C8D08D057}.Debug|Any CPU.Build.0 = Debug|Any CPU
		{C7703FD4-E7ED-DFDB-4475-9C6C8D08D057}.Release|Any CPU.ActiveCfg = Release|Any CPU
		{C7703FD4-E7ED-DFDB-4475-9C6C8D08D057}.Release|Any CPU.Build.0 = Release|Any CPU
		{A3D03277-2115-FA3A-A48B-AF8E2DB0C07E}.Debug|Any CPU.ActiveCfg = Debug|Any CPU
		{A3D03277-2115-FA3A-A48B-AF8E2DB0C07E}.Debug|Any CPU.Build.0 = Debug|Any CPU
		{A3D03277-2115-FA3A-A48B-AF8E2DB0C07E}.Release|Any CPU.ActiveCfg = Release|Any CPU
		{A3D03277-2115-FA3A-A48B-AF8E2DB0C07E}.Release|Any CPU.Build.0 = Release|Any CPU
		{987F229C-4E75-DE6E-DD9A-28424EDFFAB1}.Debug|Any CPU.ActiveCfg = Debug|Any CPU
		{987F229C-4E75-DE6E-DD9A-28424EDFFAB1}.Debug|Any CPU.Build.0 = Debug|Any CPU
		{987F229C-4E75-DE6E-DD9A-28424EDFFAB1}.Release|Any CPU.ActiveCfg = Release|Any CPU
		{987F229C-4E75-DE6E-DD9A-28424EDFFAB1}.Release|Any CPU.Build.0 = Release|Any CPU
		{25F52369-042F-D512-2175-BAB781418DE6}.Debug|Any CPU.ActiveCfg = Debug|Any CPU
		{25F52369-042F-D512-2175-BAB781418DE6}.Debug|Any CPU.Build.0 = Debug|Any CPU
		{25F52369-042F-D512-2175-BAB781418DE6}.Release|Any CPU.ActiveCfg = Release|Any CPU
		{25F52369-042F-D512-2175-BAB781418DE6}.Release|Any CPU.Build.0 = Release|Any CPU
		{FCF758B6-F7DA-87AE-410D-8519029FC24B}.Debug|Any CPU.ActiveCfg = Debug|Any CPU
		{FCF758B6-F7DA-87AE-410D-8519029FC24B}.Debug|Any CPU.Build.0 = Debug|Any CPU
		{FCF758B6-F7DA-87AE-410D-8519029FC24B}.Release|Any CPU.ActiveCfg = Release|Any CPU
		{FCF758B6-F7DA-87AE-410D-8519029FC24B}.Release|Any CPU.Build.0 = Release|Any CPU
		{2F4A0AD9-8863-5E53-4941-726CDEB4FBD8}.Debug|Any CPU.ActiveCfg = Debug|Any CPU
		{2F4A0AD9-8863-5E53-4941-726CDEB4FBD8}.Debug|Any CPU.Build.0 = Debug|Any CPU
		{2F4A0AD9-8863-5E53-4941-726CDEB4FBD8}.Release|Any CPU.ActiveCfg = Release|Any CPU
		{2F4A0AD9-8863-5E53-4941-726CDEB4FBD8}.Release|Any CPU.Build.0 = Release|Any CPU
		{EBC29877-B752-7740-2E76-2CAA2A54E1BA}.Debug|Any CPU.ActiveCfg = Debug|Any CPU
		{EBC29877-B752-7740-2E76-2CAA2A54E1BA}.Debug|Any CPU.Build.0 = Debug|Any CPU
		{EBC29877-B752-7740-2E76-2CAA2A54E1BA}.Release|Any CPU.ActiveCfg = Release|Any CPU
		{EBC29877-B752-7740-2E76-2CAA2A54E1BA}.Release|Any CPU.Build.0 = Release|Any CPU
		{544BC627-DC58-EE51-8B71-4A5F49A22EEA}.Debug|Any CPU.ActiveCfg = Debug|Any CPU
		{544BC627-DC58-EE51-8B71-4A5F49A22EEA}.Debug|Any CPU.Build.0 = Debug|Any CPU
		{544BC627-DC58-EE51-8B71-4A5F49A22EEA}.Release|Any CPU.ActiveCfg = Release|Any CPU
		{544BC627-DC58-EE51-8B71-4A5F49A22EEA}.Release|Any CPU.Build.0 = Release|Any CPU
		{453554A1-7E78-A2C2-F5AE-A15C3C216201}.Debug|Any CPU.ActiveCfg = Debug|Any CPU
		{453554A1-7E78-A2C2-F5AE-A15C3C216201}.Debug|Any CPU.Build.0 = Debug|Any CPU
		{453554A1-7E78-A2C2-F5AE-A15C3C216201}.Release|Any CPU.ActiveCfg = Release|Any CPU
		{453554A1-7E78-A2C2-F5AE-A15C3C216201}.Release|Any CPU.Build.0 = Release|Any CPU
		{4A7BB023-0E84-DEEE-4CD3-B7DFAFA4D4C4}.Debug|Any CPU.ActiveCfg = Debug|Any CPU
		{4A7BB023-0E84-DEEE-4CD3-B7DFAFA4D4C4}.Debug|Any CPU.Build.0 = Debug|Any CPU
		{4A7BB023-0E84-DEEE-4CD3-B7DFAFA4D4C4}.Release|Any CPU.ActiveCfg = Release|Any CPU
		{4A7BB023-0E84-DEEE-4CD3-B7DFAFA4D4C4}.Release|Any CPU.Build.0 = Release|Any CPU
		{BF3EB9D9-8783-BD6F-58B0-5CF74B882036}.Debug|Any CPU.ActiveCfg = Debug|Any CPU
		{BF3EB9D9-8783-BD6F-58B0-5CF74B882036}.Debug|Any CPU.Build.0 = Debug|Any CPU
		{BF3EB9D9-8783-BD6F-58B0-5CF74B882036}.Release|Any CPU.ActiveCfg = Release|Any CPU
		{BF3EB9D9-8783-BD6F-58B0-5CF74B882036}.Release|Any CPU.Build.0 = Release|Any CPU
		{E48520C0-FB2E-6107-8519-6255634219A8}.Debug|Any CPU.ActiveCfg = Debug|Any CPU
		{E48520C0-FB2E-6107-8519-6255634219A8}.Debug|Any CPU.Build.0 = Debug|Any CPU
		{E48520C0-FB2E-6107-8519-6255634219A8}.Release|Any CPU.ActiveCfg = Release|Any CPU
		{E48520C0-FB2E-6107-8519-6255634219A8}.Release|Any CPU.Build.0 = Release|Any CPU
		{ABE5F405-331D-7E19-6E8B-00F9F29581D0}.Debug|Any CPU.ActiveCfg = Debug|Any CPU
		{ABE5F405-331D-7E19-6E8B-00F9F29581D0}.Debug|Any CPU.Build.0 = Debug|Any CPU
		{ABE5F405-331D-7E19-6E8B-00F9F29581D0}.Release|Any CPU.ActiveCfg = Release|Any CPU
		{ABE5F405-331D-7E19-6E8B-00F9F29581D0}.Release|Any CPU.Build.0 = Release|Any CPU
		{B1E55129-0ED6-5336-175C-4238DD291A5C}.Debug|Any CPU.ActiveCfg = Debug|Any CPU
		{B1E55129-0ED6-5336-175C-4238DD291A5C}.Debug|Any CPU.Build.0 = Debug|Any CPU
		{B1E55129-0ED6-5336-175C-4238DD291A5C}.Release|Any CPU.ActiveCfg = Release|Any CPU
		{B1E55129-0ED6-5336-175C-4238DD291A5C}.Release|Any CPU.Build.0 = Release|Any CPU
		{4168B999-945D-149D-B255-65D9C7285A10}.Debug|Any CPU.ActiveCfg = Debug|Any CPU
		{4168B999-945D-149D-B255-65D9C7285A10}.Debug|Any CPU.Build.0 = Debug|Any CPU
		{4168B999-945D-149D-B255-65D9C7285A10}.Release|Any CPU.ActiveCfg = Release|Any CPU
		{4168B999-945D-149D-B255-65D9C7285A10}.Release|Any CPU.Build.0 = Release|Any CPU
		{DEE76850-CE7F-3790-3BEC-901536BD4315}.Debug|Any CPU.ActiveCfg = Debug|Any CPU
		{DEE76850-CE7F-3790-3BEC-901536BD4315}.Debug|Any CPU.Build.0 = Debug|Any CPU
		{DEE76850-CE7F-3790-3BEC-901536BD4315}.Release|Any CPU.ActiveCfg = Release|Any CPU
		{DEE76850-CE7F-3790-3BEC-901536BD4315}.Release|Any CPU.Build.0 = Release|Any CPU
		{18BAAE9B-B9B3-586C-BB15-9E4992C81379}.Debug|Any CPU.ActiveCfg = Debug|Any CPU
		{18BAAE9B-B9B3-586C-BB15-9E4992C81379}.Debug|Any CPU.Build.0 = Debug|Any CPU
		{18BAAE9B-B9B3-586C-BB15-9E4992C81379}.Release|Any CPU.ActiveCfg = Release|Any CPU
		{18BAAE9B-B9B3-586C-BB15-9E4992C81379}.Release|Any CPU.Build.0 = Release|Any CPU
		{E3C295CC-C3AE-D67E-39B1-F29A308D0E00}.Debug|Any CPU.ActiveCfg = Debug|Any CPU
		{E3C295CC-C3AE-D67E-39B1-F29A308D0E00}.Debug|Any CPU.Build.0 = Debug|Any CPU
		{E3C295CC-C3AE-D67E-39B1-F29A308D0E00}.Release|Any CPU.ActiveCfg = Release|Any CPU
		{E3C295CC-C3AE-D67E-39B1-F29A308D0E00}.Release|Any CPU.Build.0 = Release|Any CPU
		{68FA466A-B822-1F26-C586-911A6EF63DD5}.Debug|Any CPU.ActiveCfg = Debug|Any CPU
		{68FA466A-B822-1F26-C586-911A6EF63DD5}.Debug|Any CPU.Build.0 = Debug|Any CPU
		{68FA466A-B822-1F26-C586-911A6EF63DD5}.Release|Any CPU.ActiveCfg = Release|Any CPU
		{68FA466A-B822-1F26-C586-911A6EF63DD5}.Release|Any CPU.Build.0 = Release|Any CPU
		{3E75F3BF-F0B9-E890-65C0-21FEC0E9D786}.Debug|Any CPU.ActiveCfg = Debug|Any CPU
		{3E75F3BF-F0B9-E890-65C0-21FEC0E9D786}.Debug|Any CPU.Build.0 = Debug|Any CPU
		{3E75F3BF-F0B9-E890-65C0-21FEC0E9D786}.Release|Any CPU.ActiveCfg = Release|Any CPU
		{3E75F3BF-F0B9-E890-65C0-21FEC0E9D786}.Release|Any CPU.Build.0 = Release|Any CPU
		{52B7AD7E-450A-3737-81D0-5EFB52FD6E1E}.Debug|Any CPU.ActiveCfg = Debug|Any CPU
		{52B7AD7E-450A-3737-81D0-5EFB52FD6E1E}.Debug|Any CPU.Build.0 = Debug|Any CPU
		{52B7AD7E-450A-3737-81D0-5EFB52FD6E1E}.Release|Any CPU.ActiveCfg = Release|Any CPU
		{52B7AD7E-450A-3737-81D0-5EFB52FD6E1E}.Release|Any CPU.Build.0 = Release|Any CPU
		{BE5DBD7B-6021-9EB5-9DA1-E2A0043D9D16}.Debug|Any CPU.ActiveCfg = Debug|Any CPU
		{BE5DBD7B-6021-9EB5-9DA1-E2A0043D9D16}.Debug|Any CPU.Build.0 = Debug|Any CPU
		{BE5DBD7B-6021-9EB5-9DA1-E2A0043D9D16}.Release|Any CPU.ActiveCfg = Release|Any CPU
		{BE5DBD7B-6021-9EB5-9DA1-E2A0043D9D16}.Release|Any CPU.Build.0 = Release|Any CPU
		{08EB963C-55EF-B494-1BBE-CC4533AEBCE3}.Debug|Any CPU.ActiveCfg = Debug|Any CPU
		{08EB963C-55EF-B494-1BBE-CC4533AEBCE3}.Debug|Any CPU.Build.0 = Debug|Any CPU
		{08EB963C-55EF-B494-1BBE-CC4533AEBCE3}.Release|Any CPU.ActiveCfg = Release|Any CPU
		{08EB963C-55EF-B494-1BBE-CC4533AEBCE3}.Release|Any CPU.Build.0 = Release|Any CPU
		{F0E4A650-16B3-E0BF-0497-68BAA29049A1}.Debug|Any CPU.ActiveCfg = Debug|Any CPU
		{F0E4A650-16B3-E0BF-0497-68BAA29049A1}.Debug|Any CPU.Build.0 = Debug|Any CPU
		{F0E4A650-16B3-E0BF-0497-68BAA29049A1}.Release|Any CPU.ActiveCfg = Release|Any CPU
		{F0E4A650-16B3-E0BF-0497-68BAA29049A1}.Release|Any CPU.Build.0 = Release|Any CPU
		{935377D0-2B02-194A-6789-B054B284A1DF}.Debug|Any CPU.ActiveCfg = Debug|Any CPU
		{935377D0-2B02-194A-6789-B054B284A1DF}.Debug|Any CPU.Build.0 = Debug|Any CPU
		{935377D0-2B02-194A-6789-B054B284A1DF}.Release|Any CPU.ActiveCfg = Release|Any CPU
		{935377D0-2B02-194A-6789-B054B284A1DF}.Release|Any CPU.Build.0 = Release|Any CPU
		{29AA5B52-CBA8-2706-DDAD-7A05DB77CBE9}.Debug|Any CPU.ActiveCfg = Debug|Any CPU
		{29AA5B52-CBA8-2706-DDAD-7A05DB77CBE9}.Debug|Any CPU.Build.0 = Debug|Any CPU
		{29AA5B52-CBA8-2706-DDAD-7A05DB77CBE9}.Release|Any CPU.ActiveCfg = Release|Any CPU
		{29AA5B52-CBA8-2706-DDAD-7A05DB77CBE9}.Release|Any CPU.Build.0 = Release|Any CPU
		{E5212B45-EF58-C462-B533-33003CFDF719}.Debug|Any CPU.ActiveCfg = Debug|Any CPU
		{E5212B45-EF58-C462-B533-33003CFDF719}.Debug|Any CPU.Build.0 = Debug|Any CPU
		{E5212B45-EF58-C462-B533-33003CFDF719}.Release|Any CPU.ActiveCfg = Release|Any CPU
		{E5212B45-EF58-C462-B533-33003CFDF719}.Release|Any CPU.Build.0 = Release|Any CPU
		{C84AB625-D453-1BF2-B641-5BFBE2FE851E}.Debug|Any CPU.ActiveCfg = Debug|Any CPU
		{C84AB625-D453-1BF2-B641-5BFBE2FE851E}.Debug|Any CPU.Build.0 = Debug|Any CPU
		{C84AB625-D453-1BF2-B641-5BFBE2FE851E}.Release|Any CPU.ActiveCfg = Release|Any CPU
		{C84AB625-D453-1BF2-B641-5BFBE2FE851E}.Release|Any CPU.Build.0 = Release|Any CPU
		{6C5B951E-7675-71BD-1EF3-A66ED6919271}.Debug|Any CPU.ActiveCfg = Debug|Any CPU
		{6C5B951E-7675-71BD-1EF3-A66ED6919271}.Debug|Any CPU.Build.0 = Debug|Any CPU
		{6C5B951E-7675-71BD-1EF3-A66ED6919271}.Release|Any CPU.ActiveCfg = Release|Any CPU
		{6C5B951E-7675-71BD-1EF3-A66ED6919271}.Release|Any CPU.Build.0 = Release|Any CPU
		{6576BE60-6516-E65E-2E9A-DD2B68DEEEEE}.Debug|Any CPU.ActiveCfg = Debug|Any CPU
		{6576BE60-6516-E65E-2E9A-DD2B68DEEEEE}.Debug|Any CPU.Build.0 = Debug|Any CPU
		{6576BE60-6516-E65E-2E9A-DD2B68DEEEEE}.Release|Any CPU.ActiveCfg = Release|Any CPU
		{6576BE60-6516-E65E-2E9A-DD2B68DEEEEE}.Release|Any CPU.Build.0 = Release|Any CPU
		{A3DB18CF-4B14-7899-6C0B-26D112940E31}.Debug|Any CPU.ActiveCfg = Debug|Any CPU
		{A3DB18CF-4B14-7899-6C0B-26D112940E31}.Debug|Any CPU.Build.0 = Debug|Any CPU
		{A3DB18CF-4B14-7899-6C0B-26D112940E31}.Release|Any CPU.ActiveCfg = Release|Any CPU
		{A3DB18CF-4B14-7899-6C0B-26D112940E31}.Release|Any CPU.Build.0 = Release|Any CPU
		{44CD9661-0219-AD29-5167-0A90384477B9}.Debug|Any CPU.ActiveCfg = Debug|Any CPU
		{44CD9661-0219-AD29-5167-0A90384477B9}.Debug|Any CPU.Build.0 = Debug|Any CPU
		{44CD9661-0219-AD29-5167-0A90384477B9}.Release|Any CPU.ActiveCfg = Release|Any CPU
		{44CD9661-0219-AD29-5167-0A90384477B9}.Release|Any CPU.Build.0 = Release|Any CPU
		{F52A9EE7-7BE0-2C8D-CA33-B66534C2FE1E}.Debug|Any CPU.ActiveCfg = Debug|Any CPU
		{F52A9EE7-7BE0-2C8D-CA33-B66534C2FE1E}.Debug|Any CPU.Build.0 = Debug|Any CPU
		{F52A9EE7-7BE0-2C8D-CA33-B66534C2FE1E}.Release|Any CPU.ActiveCfg = Release|Any CPU
		{F52A9EE7-7BE0-2C8D-CA33-B66534C2FE1E}.Release|Any CPU.Build.0 = Release|Any CPU
		{031C8322-568F-4663-FE73-68256EC0EC50}.Debug|Any CPU.ActiveCfg = Debug|Any CPU
		{031C8322-568F-4663-FE73-68256EC0EC50}.Debug|Any CPU.Build.0 = Debug|Any CPU
		{031C8322-568F-4663-FE73-68256EC0EC50}.Release|Any CPU.ActiveCfg = Release|Any CPU
		{031C8322-568F-4663-FE73-68256EC0EC50}.Release|Any CPU.Build.0 = Release|Any CPU
		{57CECAB9-BF82-B281-E204-4278D68A662D}.Debug|Any CPU.ActiveCfg = Debug|Any CPU
		{57CECAB9-BF82-B281-E204-4278D68A662D}.Debug|Any CPU.Build.0 = Debug|Any CPU
		{57CECAB9-BF82-B281-E204-4278D68A662D}.Release|Any CPU.ActiveCfg = Release|Any CPU
		{57CECAB9-BF82-B281-E204-4278D68A662D}.Release|Any CPU.Build.0 = Release|Any CPU
		{9BB65D75-1AB2-7B52-E382-98DCF7AAC0B8}.Debug|Any CPU.ActiveCfg = Debug|Any CPU
		{9BB65D75-1AB2-7B52-E382-98DCF7AAC0B8}.Debug|Any CPU.Build.0 = Debug|Any CPU
		{9BB65D75-1AB2-7B52-E382-98DCF7AAC0B8}.Release|Any CPU.ActiveCfg = Release|Any CPU
		{9BB65D75-1AB2-7B52-E382-98DCF7AAC0B8}.Release|Any CPU.Build.0 = Release|Any CPU
		{F49912E9-C8CD-4672-8739-B95F274F7FC6}.Debug|Any CPU.ActiveCfg = Debug|Any CPU
		{F49912E9-C8CD-4672-8739-B95F274F7FC6}.Debug|Any CPU.Build.0 = Debug|Any CPU
		{F49912E9-C8CD-4672-8739-B95F274F7FC6}.Release|Any CPU.ActiveCfg = Release|Any CPU
		{F49912E9-C8CD-4672-8739-B95F274F7FC6}.Release|Any CPU.Build.0 = Release|Any CPU
		{F973FBBE-84D3-9352-F846-2E21D0796E4D}.Debug|Any CPU.ActiveCfg = Debug|Any CPU
		{F973FBBE-84D3-9352-F846-2E21D0796E4D}.Debug|Any CPU.Build.0 = Debug|Any CPU
		{F973FBBE-84D3-9352-F846-2E21D0796E4D}.Release|Any CPU.ActiveCfg = Release|Any CPU
		{F973FBBE-84D3-9352-F846-2E21D0796E4D}.Release|Any CPU.Build.0 = Release|Any CPU
		{C4FB012D-3C66-6CB1-C72E-12C153C7BEAC}.Debug|Any CPU.ActiveCfg = Debug|Any CPU
		{C4FB012D-3C66-6CB1-C72E-12C153C7BEAC}.Debug|Any CPU.Build.0 = Debug|Any CPU
		{C4FB012D-3C66-6CB1-C72E-12C153C7BEAC}.Release|Any CPU.ActiveCfg = Release|Any CPU
		{C4FB012D-3C66-6CB1-C72E-12C153C7BEAC}.Release|Any CPU.Build.0 = Release|Any CPU
		{0905966F-AE94-46A5-B1BD-BBCC22E8898F}.Debug|Any CPU.ActiveCfg = Debug|Any CPU
		{0905966F-AE94-46A5-B1BD-BBCC22E8898F}.Debug|Any CPU.Build.0 = Debug|Any CPU
		{0905966F-AE94-46A5-B1BD-BBCC22E8898F}.Release|Any CPU.ActiveCfg = Release|Any CPU
		{0905966F-AE94-46A5-B1BD-BBCC22E8898F}.Release|Any CPU.Build.0 = Release|Any CPU
		{7722D20B-B1A4-0A2E-7B32-B70156A93668}.Debug|Any CPU.ActiveCfg = Debug|Any CPU
		{7722D20B-B1A4-0A2E-7B32-B70156A93668}.Debug|Any CPU.Build.0 = Debug|Any CPU
		{7722D20B-B1A4-0A2E-7B32-B70156A93668}.Release|Any CPU.ActiveCfg = Release|Any CPU
		{7722D20B-B1A4-0A2E-7B32-B70156A93668}.Release|Any CPU.Build.0 = Release|Any CPU
		{F4937FFC-AC26-F4CA-3E93-1BCFF374BF68}.Debug|Any CPU.ActiveCfg = Debug|Any CPU
		{F4937FFC-AC26-F4CA-3E93-1BCFF374BF68}.Debug|Any CPU.Build.0 = Debug|Any CPU
		{F4937FFC-AC26-F4CA-3E93-1BCFF374BF68}.Release|Any CPU.ActiveCfg = Release|Any CPU
		{F4937FFC-AC26-F4CA-3E93-1BCFF374BF68}.Release|Any CPU.Build.0 = Release|Any CPU
		{10A4B55B-AFF9-E3F0-C4AB-837285723BFC}.Debug|Any CPU.ActiveCfg = Debug|Any CPU
		{10A4B55B-AFF9-E3F0-C4AB-837285723BFC}.Debug|Any CPU.Build.0 = Debug|Any CPU
		{10A4B55B-AFF9-E3F0-C4AB-837285723BFC}.Release|Any CPU.ActiveCfg = Release|Any CPU
		{10A4B55B-AFF9-E3F0-C4AB-837285723BFC}.Release|Any CPU.Build.0 = Release|Any CPU
	EndGlobalSection
	GlobalSection(SolutionProperties) = preSolution
		HideSolutionNode = FALSE
	EndGlobalSection
	GlobalSection(NestedProjects) = preSolution
		{3167D93A-398F-848A-2F8E-8721A43B94FA} = {288987B9-72FF-2622-B754-F5EC4D0A15DA}
		{293B9C38-FFAB-F9F0-6A8C-806C55BABB63} = {288987B9-72FF-2622-B754-F5EC4D0A15DA}
		{C7703FD4-E7ED-DFDB-4475-9C6C8D08D057} = {288987B9-72FF-2622-B754-F5EC4D0A15DA}
		{A3D03277-2115-FA3A-A48B-AF8E2DB0C07E} = {288987B9-72FF-2622-B754-F5EC4D0A15DA}
		{987F229C-4E75-DE6E-DD9A-28424EDFFAB1} = {288987B9-72FF-2622-B754-F5EC4D0A15DA}
		{25F52369-042F-D512-2175-BAB781418DE6} = {288987B9-72FF-2622-B754-F5EC4D0A15DA}
		{FCF758B6-F7DA-87AE-410D-8519029FC24B} = {288987B9-72FF-2622-B754-F5EC4D0A15DA}
		{2F4A0AD9-8863-5E53-4941-726CDEB4FBD8} = {288987B9-72FF-2622-B754-F5EC4D0A15DA}
		{EBC29877-B752-7740-2E76-2CAA2A54E1BA} = {288987B9-72FF-2622-B754-F5EC4D0A15DA}
		{544BC627-DC58-EE51-8B71-4A5F49A22EEA} = {288987B9-72FF-2622-B754-F5EC4D0A15DA}
		{453554A1-7E78-A2C2-F5AE-A15C3C216201} = {711B7FE4-01BA-8383-AF72-D97028D13FB0}
		{4A7BB023-0E84-DEEE-4CD3-B7DFAFA4D4C4} = {711B7FE4-01BA-8383-AF72-D97028D13FB0}
		{BF3EB9D9-8783-BD6F-58B0-5CF74B882036} = {711B7FE4-01BA-8383-AF72-D97028D13FB0}
		{E48520C0-FB2E-6107-8519-6255634219A8} = {711B7FE4-01BA-8383-AF72-D97028D13FB0}
		{ABE5F405-331D-7E19-6E8B-00F9F29581D0} = {711B7FE4-01BA-8383-AF72-D97028D13FB0}
		{B1E55129-0ED6-5336-175C-4238DD291A5C} = {711B7FE4-01BA-8383-AF72-D97028D13FB0}
		{4168B999-945D-149D-B255-65D9C7285A10} = {711B7FE4-01BA-8383-AF72-D97028D13FB0}
		{DEE76850-CE7F-3790-3BEC-901536BD4315} = {711B7FE4-01BA-8383-AF72-D97028D13FB0}
		{18BAAE9B-B9B3-586C-BB15-9E4992C81379} = {711B7FE4-01BA-8383-AF72-D97028D13FB0}
		{E3C295CC-C3AE-D67E-39B1-F29A308D0E00} = {711B7FE4-01BA-8383-AF72-D97028D13FB0}
		{68FA466A-B822-1F26-C586-911A6EF63DD5} = {711B7FE4-01BA-8383-AF72-D97028D13FB0}
		{3E75F3BF-F0B9-E890-65C0-21FEC0E9D786} = {711B7FE4-01BA-8383-AF72-D97028D13FB0}
		{52B7AD7E-450A-3737-81D0-5EFB52FD6E1E} = {711B7FE4-01BA-8383-AF72-D97028D13FB0}
		{BE5DBD7B-6021-9EB5-9DA1-E2A0043D9D16} = {711B7FE4-01BA-8383-AF72-D97028D13FB0}
		{08EB963C-55EF-B494-1BBE-CC4533AEBCE3} = {6AD9BC60-F820-0AB8-2043-CC6AA16E2309}
		{735B9F03-AA94-9A7A-9D63-0858E8B71681} = {4857A118-F77C-C2E4-CC11-F7705E0643FD}
		{F0E4A650-16B3-E0BF-0497-68BAA29049A1} = {735B9F03-AA94-9A7A-9D63-0858E8B71681}
		{935377D0-2B02-194A-6789-B054B284A1DF} = {735B9F03-AA94-9A7A-9D63-0858E8B71681}
		{29AA5B52-CBA8-2706-DDAD-7A05DB77CBE9} = {735B9F03-AA94-9A7A-9D63-0858E8B71681}
		{E5212B45-EF58-C462-B533-33003CFDF719} = {735B9F03-AA94-9A7A-9D63-0858E8B71681}
		{C84AB625-D453-1BF2-B641-5BFBE2FE851E} = {735B9F03-AA94-9A7A-9D63-0858E8B71681}
		{6C5B951E-7675-71BD-1EF3-A66ED6919271} = {735B9F03-AA94-9A7A-9D63-0858E8B71681}
		{6576BE60-6516-E65E-2E9A-DD2B68DEEEEE} = {735B9F03-AA94-9A7A-9D63-0858E8B71681}
		{A3DB18CF-4B14-7899-6C0B-26D112940E31} = {735B9F03-AA94-9A7A-9D63-0858E8B71681}
		{44CD9661-0219-AD29-5167-0A90384477B9} = {735B9F03-AA94-9A7A-9D63-0858E8B71681}
		{F52A9EE7-7BE0-2C8D-CA33-B66534C2FE1E} = {735B9F03-AA94-9A7A-9D63-0858E8B71681}
		{031C8322-568F-4663-FE73-68256EC0EC50} = {735B9F03-AA94-9A7A-9D63-0858E8B71681}
		{57CECAB9-BF82-B281-E204-4278D68A662D} = {735B9F03-AA94-9A7A-9D63-0858E8B71681}
		{9BB65D75-1AB2-7B52-E382-98DCF7AAC0B8} = {735B9F03-AA94-9A7A-9D63-0858E8B71681}
		{F49912E9-C8CD-4672-8739-B95F274F7FC6} = {735B9F03-AA94-9A7A-9D63-0858E8B71681}
		{F973FBBE-84D3-9352-F846-2E21D0796E4D} = {735B9F03-AA94-9A7A-9D63-0858E8B71681}
		{C4FB012D-3C66-6CB1-C72E-12C153C7BEAC} = {735B9F03-AA94-9A7A-9D63-0858E8B71681}
		{0905966F-AE94-46A5-B1BD-BBCC22E8898F} = {735B9F03-AA94-9A7A-9D63-0858E8B71681}
		{7722D20B-B1A4-0A2E-7B32-B70156A93668} = {735B9F03-AA94-9A7A-9D63-0858E8B71681}
		{F4937FFC-AC26-F4CA-3E93-1BCFF374BF68} = {735B9F03-AA94-9A7A-9D63-0858E8B71681}
		{10A4B55B-AFF9-E3F0-C4AB-837285723BFC} = {735B9F03-AA94-9A7A-9D63-0858E8B71681}
	EndGlobalSection
	GlobalSection(ExtensibilityGlobals) = postSolution
		SolutionGuid = {9FA9B84D-280B-40EC-A9E5-7E4F83FE43EE}
	EndGlobalSection
EndGlobal
