Microsoft Visual Studio Solution File, Format Version 12.00
# Visual Studio Version 17
VisualStudioVersion = 17.5.2.0
MinimumVisualStudioVersion = 10.0.40219.1
Project("{FAE04EC0-301F-11D3-BF4B-00C04F79EFBC}") = "exercici", "exercici\exercici.csproj", "{911B3765-79FB-34E8-87B1-55DA13A5ECD1}"
EndProject
Global
	GlobalSection(SolutionConfigurationPlatforms) = preSolution
		Debug|Any CPU = Debug|Any CPU
		Release|Any CPU = Release|Any CPU
	EndGlobalSection
	GlobalSection(ProjectConfigurationPlatforms) = postSolution
		{911B3765-79FB-34E8-87B1-55DA13A5ECD1}.Debug|Any CPU.ActiveCfg = Debug|Any CPU
		{911B3765-79FB-34E8-87B1-55DA13A5ECD1}.Debug|Any CPU.Build.0 = Debug|Any CPU
		{911B3765-79FB-34E8-87B1-55DA13A5ECD1}.Release|Any CPU.ActiveCfg = Release|Any CPU
		{911B3765-79FB-34E8-87B1-55DA13A5ECD1}.Release|Any CPU.Build.0 = Release|Any CPU
	EndGlobalSection
	GlobalSection(SolutionProperties) = preSolution
		HideSolutionNode = FALSE
	EndGlobalSection
	GlobalSection(ExtensibilityGlobals) = postSolution
		SolutionGuid = {36D482A6-9629-4734-AFF8-70FC5D5E5722}
	EndGlobalSection
EndGlobal
